
Microsoft Visual Studio Solution File, Format Version 12.00
# Visual Studio Version 17
VisualStudioVersion = 17.11.35222.181
MinimumVisualStudioVersion = 10.0.40219.1
Project("{FAE04EC0-301F-11D3-BF4B-00C04F79EFBC}") = "Folder_Sync", "Folder_Sync\Folder_Sync.csproj", "{6DD10592-9979-490F-A925-CEE6A6FFC7D2}"
EndProject
Project("{9A19103F-16F7-4668-BE54-9A1E7A4F7556}") = "Folder_Sync.Test", "Folder_Sync.Test\Folder_Sync.Test.csproj", "{7928467A-0A08-4AC0-AC44-E7E8D74C8702}"
EndProject
Global
	GlobalSection(SolutionConfigurationPlatforms) = preSolution
		Debug|Any CPU = Debug|Any CPU
		Release|Any CPU = Release|Any CPU
	EndGlobalSection
	GlobalSection(ProjectConfigurationPlatforms) = postSolution
		{6DD10592-9979-490F-A925-CEE6A6FFC7D2}.Debug|Any CPU.ActiveCfg = Debug|Any CPU
		{6DD10592-9979-490F-A925-CEE6A6FFC7D2}.Debug|Any CPU.Build.0 = Debug|Any CPU
		{6DD10592-9979-490F-A925-CEE6A6FFC7D2}.Release|Any CPU.ActiveCfg = Release|Any CPU
		{6DD10592-9979-490F-A925-CEE6A6FFC7D2}.Release|Any CPU.Build.0 = Release|Any CPU
		{7928467A-0A08-4AC0-AC44-E7E8D74C8702}.Debug|Any CPU.ActiveCfg = Debug|Any CPU
		{7928467A-0A08-4AC0-AC44-E7E8D74C8702}.Debug|Any CPU.Build.0 = Debug|Any CPU
		{7928467A-0A08-4AC0-AC44-E7E8D74C8702}.Release|Any CPU.ActiveCfg = Release|Any CPU
		{7928467A-0A08-4AC0-AC44-E7E8D74C8702}.Release|Any CPU.Build.0 = Release|Any CPU
	EndGlobalSection
	GlobalSection(SolutionProperties) = preSolution
		HideSolutionNode = FALSE
	EndGlobalSection
	GlobalSection(ExtensibilityGlobals) = postSolution
		SolutionGuid = {6B214972-CFEC-4D47-BAC2-DF0E6268F41E}
	EndGlobalSection
EndGlobal
